// !$*UTF8*$!
{
	archiveVersion = 1;
	classes = {
	};
	objectVersion = 56;
	objects = {

/* Begin PBXBuildFile section */
		811FA10D2AA4CB1600FC378E /* HomeVM.swift in Sources */ = {isa = PBXBuildFile; fileRef = 811FA10C2AA4CB1600FC378E /* HomeVM.swift */; };
		811FA10F2AA4CC1600FC378E /* HomeTVC.swift in Sources */ = {isa = PBXBuildFile; fileRef = 811FA10E2AA4CC1600FC378E /* HomeTVC.swift */; };
		811FA1112AA50A4600FC378E /* HomeCVC.swift in Sources */ = {isa = PBXBuildFile; fileRef = 811FA1102AA50A4600FC378E /* HomeCVC.swift */; };
		811FA1152AA51BDC00FC378E /* HomeDetailVC.swift in Sources */ = {isa = PBXBuildFile; fileRef = 811FA1142AA51BDC00FC378E /* HomeDetailVC.swift */; };
		811FA1172AA51D5200FC378E /* HomeDetailCVC.swift in Sources */ = {isa = PBXBuildFile; fileRef = 811FA1162AA51D5200FC378E /* HomeDetailCVC.swift */; };
		8135D7A52AA9BC6D002600A3 /* IQKeyboardManagerSwift in Frameworks */ = {isa = PBXBuildFile; productRef = 8135D7A42AA9BC6D002600A3 /* IQKeyboardManagerSwift */; };
		8157774F2AA8B5DE0056EDAA /* CustomButton.swift in Sources */ = {isa = PBXBuildFile; fileRef = 8157774E2AA8B5DE0056EDAA /* CustomButton.swift */; };
		819B95C52AA611E40068D733 /* HomeDetailVM.swift in Sources */ = {isa = PBXBuildFile; fileRef = 819B95C42AA611E40068D733 /* HomeDetailVM.swift */; };
		81E0C6C42AA0A62D00299DF3 /* AppDelegate.swift in Sources */ = {isa = PBXBuildFile; fileRef = 81E0C6C32AA0A62D00299DF3 /* AppDelegate.swift */; };
		81E0C6C62AA0A62D00299DF3 /* SceneDelegate.swift in Sources */ = {isa = PBXBuildFile; fileRef = 81E0C6C52AA0A62D00299DF3 /* SceneDelegate.swift */; };
		81E0C6C82AA0A62D00299DF3 /* HomeVC.swift in Sources */ = {isa = PBXBuildFile; fileRef = 81E0C6C72AA0A62D00299DF3 /* HomeVC.swift */; };
		81E0C6CD2AA0A62E00299DF3 /* Assets.xcassets in Resources */ = {isa = PBXBuildFile; fileRef = 81E0C6CC2AA0A62E00299DF3 /* Assets.xcassets */; };
		81E0C6D02AA0A62E00299DF3 /* LaunchScreen.storyboard in Resources */ = {isa = PBXBuildFile; fileRef = 81E0C6CE2AA0A62E00299DF3 /* LaunchScreen.storyboard */; };
		81E0C6E62AA0A75900299DF3 /* Poppins-Light.ttf in Resources */ = {isa = PBXBuildFile; fileRef = 81E0C6E12AA0A75900299DF3 /* Poppins-Light.ttf */; };
		81E0C6E72AA0A75900299DF3 /* Poppins-Medium.ttf in Resources */ = {isa = PBXBuildFile; fileRef = 81E0C6E22AA0A75900299DF3 /* Poppins-Medium.ttf */; };
		81E0C6E82AA0A75900299DF3 /* Poppins-Regular.ttf in Resources */ = {isa = PBXBuildFile; fileRef = 81E0C6E32AA0A75900299DF3 /* Poppins-Regular.ttf */; };
		81E0C6E92AA0A75900299DF3 /* Poppins-Bold.ttf in Resources */ = {isa = PBXBuildFile; fileRef = 81E0C6E42AA0A75900299DF3 /* Poppins-Bold.ttf */; };
		81E0C6EA2AA0A75900299DF3 /* Poppins-SemiBold.ttf in Resources */ = {isa = PBXBuildFile; fileRef = 81E0C6E52AA0A75900299DF3 /* Poppins-SemiBold.ttf */; };
		81E0C6ED2AA0A7FA00299DF3 /* Extensions.swift in Sources */ = {isa = PBXBuildFile; fileRef = 81E0C6EC2AA0A7FA00299DF3 /* Extensions.swift */; };
		81E0C6EF2AA0A83400299DF3 /* Router.swift in Sources */ = {isa = PBXBuildFile; fileRef = 81E0C6EE2AA0A83400299DF3 /* Router.swift */; };
		81E0C6F22AA0A88700299DF3 /* Alamofire in Frameworks */ = {isa = PBXBuildFile; productRef = 81E0C6F12AA0A88700299DF3 /* Alamofire */; };
		81E0C6F52AA0A89B00299DF3 /* SnapKit in Frameworks */ = {isa = PBXBuildFile; productRef = 81E0C6F42AA0A89B00299DF3 /* SnapKit */; };
		81E0C6F82AA0A8A700299DF3 /* KeychainSwift in Frameworks */ = {isa = PBXBuildFile; productRef = 81E0C6F72AA0A8A700299DF3 /* KeychainSwift */; };
		81E0C6FE2AA0AA0500299DF3 /* Kingfisher in Frameworks */ = {isa = PBXBuildFile; productRef = 81E0C6FD2AA0AA0500299DF3 /* Kingfisher */; };
		81E0C7012AA0AA1900299DF3 /* SwiftyJSON in Frameworks */ = {isa = PBXBuildFile; productRef = 81E0C7002AA0AA1900299DF3 /* SwiftyJSON */; };
		81E0C7042AA0AA6E00299DF3 /* NetworkHelper.swift in Sources */ = {isa = PBXBuildFile; fileRef = 81E0C7032AA0AA6E00299DF3 /* NetworkHelper.swift */; };
		81E0C7062AA0AC0800299DF3 /* CustomTextViewView.swift in Sources */ = {isa = PBXBuildFile; fileRef = 81E0C7052AA0AC0800299DF3 /* CustomTextViewView.swift */; };
		81E0C7082AA0AC0E00299DF3 /* CustomTextFieldView.swift in Sources */ = {isa = PBXBuildFile; fileRef = 81E0C7072AA0AC0E00299DF3 /* CustomTextFieldView.swift */; };
		81E0C70A2AA0AC7C00299DF3 /* Helpers.swift in Sources */ = {isa = PBXBuildFile; fileRef = 81E0C7092AA0AC7C00299DF3 /* Helpers.swift */; };
		81E0C70D2AA0ACD400299DF3 /* LoginVC.swift in Sources */ = {isa = PBXBuildFile; fileRef = 81E0C70C2AA0ACD400299DF3 /* LoginVC.swift */; };
		81E0C7102AA0AD0600299DF3 /* SignUpVC.swift in Sources */ = {isa = PBXBuildFile; fileRef = 81E0C70F2AA0AD0600299DF3 /* SignUpVC.swift */; };
		81E0C7122AA0AD5300299DF3 /* SignUpVM.swift in Sources */ = {isa = PBXBuildFile; fileRef = 81E0C7112AA0AD5300299DF3 /* SignUpVM.swift */; };
		81E0C7142AA0ADAC00299DF3 /* LoginVM.swift in Sources */ = {isa = PBXBuildFile; fileRef = 81E0C7132AA0ADAC00299DF3 /* LoginVM.swift */; };
		81E0C7162AA0ADE600299DF3 /* VisitsVM.swift in Sources */ = {isa = PBXBuildFile; fileRef = 81E0C7152AA0ADE600299DF3 /* VisitsVM.swift */; };
		81E0C7182AA0AE2B00299DF3 /* CustomDetailsVC.swift in Sources */ = {isa = PBXBuildFile; fileRef = 81E0C7172AA0AE2B00299DF3 /* CustomDetailsVC.swift */; };
		81E0C71B2AA0AE4700299DF3 /* MapVM.swift in Sources */ = {isa = PBXBuildFile; fileRef = 81E0C71A2AA0AE4700299DF3 /* MapVM.swift */; };
		81E0C71D2AA0AE5C00299DF3 /* MapVC.swift in Sources */ = {isa = PBXBuildFile; fileRef = 81E0C71C2AA0AE5C00299DF3 /* MapVC.swift */; };
		81E0C71F2AA0AEA700299DF3 /* MapCVC.swift in Sources */ = {isa = PBXBuildFile; fileRef = 81E0C71E2AA0AEA700299DF3 /* MapCVC.swift */; };
		81E0C7212AA0AF2500299DF3 /* AddVisitVC.swift in Sources */ = {isa = PBXBuildFile; fileRef = 81E0C7202AA0AF2500299DF3 /* AddVisitVC.swift */; };
		81E0C7232AA0AF7C00299DF3 /* AddVisitPhotoCVC.swift in Sources */ = {isa = PBXBuildFile; fileRef = 81E0C7222AA0AF7C00299DF3 /* AddVisitPhotoCVC.swift */; };
		81E0C7252AA0B00F00299DF3 /* CustomDetailsSliderCVC.swift in Sources */ = {isa = PBXBuildFile; fileRef = 81E0C7242AA0B00F00299DF3 /* CustomDetailsSliderCVC.swift */; };
		81E0C7272AA0B03100299DF3 /* VisitCVC.swift in Sources */ = {isa = PBXBuildFile; fileRef = 81E0C7262AA0B03100299DF3 /* VisitCVC.swift */; };
		81E0C7292AA0B06800299DF3 /* VisitsVC.swift in Sources */ = {isa = PBXBuildFile; fileRef = 81E0C7282AA0B06800299DF3 /* VisitsVC.swift */; };
		81E0C72C2AA0B0CC00299DF3 /* MainTabBarC.swift in Sources */ = {isa = PBXBuildFile; fileRef = 81E0C72B2AA0B0CC00299DF3 /* MainTabBarC.swift */; };
		81E0C72E2AA0B10E00299DF3 /* ResponseModel.swift in Sources */ = {isa = PBXBuildFile; fileRef = 81E0C72D2AA0B10E00299DF3 /* ResponseModel.swift */; };
		81E0C7302AA0B12B00299DF3 /* MeModel.swift in Sources */ = {isa = PBXBuildFile; fileRef = 81E0C72F2AA0B12B00299DF3 /* MeModel.swift */; };
		81E0C7322AA0B12C00299DF3 /* UploadResponse.swift in Sources */ = {isa = PBXBuildFile; fileRef = 81E0C7312AA0B12C00299DF3 /* UploadResponse.swift */; };
		81E0C7342AA0B12D00299DF3 /* PlaceModel.swift in Sources */ = {isa = PBXBuildFile; fileRef = 81E0C7332AA0B12D00299DF3 /* PlaceModel.swift */; };
		81E0C7362AA0B12E00299DF3 /* VisitModel.swift in Sources */ = {isa = PBXBuildFile; fileRef = 81E0C7352AA0B12E00299DF3 /* VisitModel.swift */; };
		81E0C7382AA0B13600299DF3 /* GalleryModel.swift in Sources */ = {isa = PBXBuildFile; fileRef = 81E0C7372AA0B13600299DF3 /* GalleryModel.swift */; };
		81E0C73A2AA0B13700299DF3 /* UserModel.swift in Sources */ = {isa = PBXBuildFile; fileRef = 81E0C7392AA0B13700299DF3 /* UserModel.swift */; };
		81E0C73C2AA0B13700299DF3 /* TokenModel.swift in Sources */ = {isa = PBXBuildFile; fileRef = 81E0C73B2AA0B13700299DF3 /* TokenModel.swift */; };
		81E0C73E2AA0B3E700299DF3 /* AddVisitVM.swift in Sources */ = {isa = PBXBuildFile; fileRef = 81E0C73D2AA0B3E700299DF3 /* AddVisitVM.swift */; };
		81E0C7402AA0B45A00299DF3 /* CustomDetailsVM.swift in Sources */ = {isa = PBXBuildFile; fileRef = 81E0C73F2AA0B45A00299DF3 /* CustomDetailsVM.swift */; };
		C09C220B2AA119350084B54F /* SettingsVM.swift in Sources */ = {isa = PBXBuildFile; fileRef = C09C220A2AA119350084B54F /* SettingsVM.swift */; };
		C09C220D2AA119930084B54F /* SettingsModel.swift in Sources */ = {isa = PBXBuildFile; fileRef = C09C220C2AA119930084B54F /* SettingsModel.swift */; };
		C09C220F2AA119CE0084B54F /* SettingsCVC.swift in Sources */ = {isa = PBXBuildFile; fileRef = C09C220E2AA119CE0084B54F /* SettingsCVC.swift */; };
		C0A2E73E2AAF7C4100D3F879 /* PermissionHelper.swift in Sources */ = {isa = PBXBuildFile; fileRef = C0A2E73D2AAF7C4100D3F879 /* PermissionHelper.swift */; };
		C0A544582AA7153000CB24D7 /* SecuritySettingsVM.swift in Sources */ = {isa = PBXBuildFile; fileRef = C0A544572AA7153000CB24D7 /* SecuritySettingsVM.swift */; };
		C0B540212AAA503F008EE38A /* HelpSupportVC.swift in Sources */ = {isa = PBXBuildFile; fileRef = C0B540202AAA503F008EE38A /* HelpSupportVC.swift */; };
		C0B540232AAA5AB9008EE38A /* HelpSupportTVC.swift in Sources */ = {isa = PBXBuildFile; fileRef = C0B540222AAA5AB9008EE38A /* HelpSupportTVC.swift */; };
		C0BE1F942AA1C8BA006B560B /* SecuritySettingsVC.swift in Sources */ = {isa = PBXBuildFile; fileRef = C0BE1F932AA1C8BA006B560B /* SecuritySettingsVC.swift */; };
		C0BE1F962AA1C8FF006B560B /* CustomPrivacyView.swift in Sources */ = {isa = PBXBuildFile; fileRef = C0BE1F952AA1C8FF006B560B /* CustomPrivacyView.swift */; };
		C0BE1F982AA1C92F006B560B /* CustomEditView.swift in Sources */ = {isa = PBXBuildFile; fileRef = C0BE1F972AA1C92F006B560B /* CustomEditView.swift */; };
		C0BF37342AA27710007C3595 /* PrivacyTVC.swift in Sources */ = {isa = PBXBuildFile; fileRef = C0BF37332AA27710007C3595 /* PrivacyTVC.swift */; };
		C0BF37362AA277CB007C3595 /* PasswordTVC.swift in Sources */ = {isa = PBXBuildFile; fileRef = C0BF37352AA277CB007C3595 /* PasswordTVC.swift */; };
		C0C927C62AA0D12B0077B7BA /* SettingsVC.swift in Sources */ = {isa = PBXBuildFile; fileRef = C0C927C52AA0D12B0077B7BA /* SettingsVC.swift */; };
		C0D1E1AB2AA65DD100E632E0 /* EditProfileVM.swift in Sources */ = {isa = PBXBuildFile; fileRef = C0D1E1AA2AA65DD100E632E0 /* EditProfileVM.swift */; };
		C0D1E1AD2AA65E9500E632E0 /* EditProfileVC.swift in Sources */ = {isa = PBXBuildFile; fileRef = C0D1E1AC2AA65E9500E632E0 /* EditProfileVC.swift */; };
/* End PBXBuildFile section */

/* Begin PBXFileReference section */
		811FA10C2AA4CB1600FC378E /* HomeVM.swift */ = {isa = PBXFileReference; lastKnownFileType = sourcecode.swift; path = HomeVM.swift; sourceTree = "<group>"; };
		811FA10E2AA4CC1600FC378E /* HomeTVC.swift */ = {isa = PBXFileReference; lastKnownFileType = sourcecode.swift; path = HomeTVC.swift; sourceTree = "<group>"; };
		811FA1102AA50A4600FC378E /* HomeCVC.swift */ = {isa = PBXFileReference; lastKnownFileType = sourcecode.swift; path = HomeCVC.swift; sourceTree = "<group>"; };
		811FA1142AA51BDC00FC378E /* HomeDetailVC.swift */ = {isa = PBXFileReference; lastKnownFileType = sourcecode.swift; path = HomeDetailVC.swift; sourceTree = "<group>"; };
		811FA1162AA51D5200FC378E /* HomeDetailCVC.swift */ = {isa = PBXFileReference; lastKnownFileType = sourcecode.swift; path = HomeDetailCVC.swift; sourceTree = "<group>"; };
		8157774E2AA8B5DE0056EDAA /* CustomButton.swift */ = {isa = PBXFileReference; lastKnownFileType = sourcecode.swift; path = CustomButton.swift; sourceTree = "<group>"; };
		819B95C42AA611E40068D733 /* HomeDetailVM.swift */ = {isa = PBXFileReference; lastKnownFileType = sourcecode.swift; path = HomeDetailVM.swift; sourceTree = "<group>"; };
		81E0C6C02AA0A62D00299DF3 /* Travio.app */ = {isa = PBXFileReference; explicitFileType = wrapper.application; includeInIndex = 0; path = Travio.app; sourceTree = BUILT_PRODUCTS_DIR; };
		81E0C6C32AA0A62D00299DF3 /* AppDelegate.swift */ = {isa = PBXFileReference; lastKnownFileType = sourcecode.swift; path = AppDelegate.swift; sourceTree = "<group>"; };
		81E0C6C52AA0A62D00299DF3 /* SceneDelegate.swift */ = {isa = PBXFileReference; lastKnownFileType = sourcecode.swift; path = SceneDelegate.swift; sourceTree = "<group>"; };
		81E0C6C72AA0A62D00299DF3 /* HomeVC.swift */ = {isa = PBXFileReference; lastKnownFileType = sourcecode.swift; path = HomeVC.swift; sourceTree = "<group>"; };
		81E0C6CC2AA0A62E00299DF3 /* Assets.xcassets */ = {isa = PBXFileReference; lastKnownFileType = folder.assetcatalog; path = Assets.xcassets; sourceTree = "<group>"; };
		81E0C6CF2AA0A62E00299DF3 /* Base */ = {isa = PBXFileReference; lastKnownFileType = file.storyboard; name = Base; path = Base.lproj/LaunchScreen.storyboard; sourceTree = "<group>"; };
		81E0C6D12AA0A62E00299DF3 /* Info.plist */ = {isa = PBXFileReference; lastKnownFileType = text.plist.xml; path = Info.plist; sourceTree = "<group>"; };
		81E0C6E12AA0A75900299DF3 /* Poppins-Light.ttf */ = {isa = PBXFileReference; lastKnownFileType = file; path = "Poppins-Light.ttf"; sourceTree = "<group>"; };
		81E0C6E22AA0A75900299DF3 /* Poppins-Medium.ttf */ = {isa = PBXFileReference; lastKnownFileType = file; path = "Poppins-Medium.ttf"; sourceTree = "<group>"; };
		81E0C6E32AA0A75900299DF3 /* Poppins-Regular.ttf */ = {isa = PBXFileReference; lastKnownFileType = file; path = "Poppins-Regular.ttf"; sourceTree = "<group>"; };
		81E0C6E42AA0A75900299DF3 /* Poppins-Bold.ttf */ = {isa = PBXFileReference; lastKnownFileType = file; path = "Poppins-Bold.ttf"; sourceTree = "<group>"; };
		81E0C6E52AA0A75900299DF3 /* Poppins-SemiBold.ttf */ = {isa = PBXFileReference; lastKnownFileType = file; path = "Poppins-SemiBold.ttf"; sourceTree = "<group>"; };
		81E0C6EC2AA0A7FA00299DF3 /* Extensions.swift */ = {isa = PBXFileReference; lastKnownFileType = sourcecode.swift; path = Extensions.swift; sourceTree = "<group>"; };
		81E0C6EE2AA0A83400299DF3 /* Router.swift */ = {isa = PBXFileReference; lastKnownFileType = sourcecode.swift; path = Router.swift; sourceTree = "<group>"; };
		81E0C7032AA0AA6E00299DF3 /* NetworkHelper.swift */ = {isa = PBXFileReference; lastKnownFileType = sourcecode.swift; path = NetworkHelper.swift; sourceTree = "<group>"; };
		81E0C7052AA0AC0800299DF3 /* CustomTextViewView.swift */ = {isa = PBXFileReference; lastKnownFileType = sourcecode.swift; path = CustomTextViewView.swift; sourceTree = "<group>"; };
		81E0C7072AA0AC0E00299DF3 /* CustomTextFieldView.swift */ = {isa = PBXFileReference; lastKnownFileType = sourcecode.swift; path = CustomTextFieldView.swift; sourceTree = "<group>"; };
		81E0C7092AA0AC7C00299DF3 /* Helpers.swift */ = {isa = PBXFileReference; lastKnownFileType = sourcecode.swift; path = Helpers.swift; sourceTree = "<group>"; };
		81E0C70C2AA0ACD400299DF3 /* LoginVC.swift */ = {isa = PBXFileReference; lastKnownFileType = sourcecode.swift; path = LoginVC.swift; sourceTree = "<group>"; };
		81E0C70F2AA0AD0600299DF3 /* SignUpVC.swift */ = {isa = PBXFileReference; lastKnownFileType = sourcecode.swift; path = SignUpVC.swift; sourceTree = "<group>"; };
		81E0C7112AA0AD5300299DF3 /* SignUpVM.swift */ = {isa = PBXFileReference; lastKnownFileType = sourcecode.swift; path = SignUpVM.swift; sourceTree = "<group>"; };
		81E0C7132AA0ADAC00299DF3 /* LoginVM.swift */ = {isa = PBXFileReference; lastKnownFileType = sourcecode.swift; path = LoginVM.swift; sourceTree = "<group>"; };
		81E0C7152AA0ADE600299DF3 /* VisitsVM.swift */ = {isa = PBXFileReference; lastKnownFileType = sourcecode.swift; path = VisitsVM.swift; sourceTree = "<group>"; };
		81E0C7172AA0AE2B00299DF3 /* CustomDetailsVC.swift */ = {isa = PBXFileReference; lastKnownFileType = sourcecode.swift; path = CustomDetailsVC.swift; sourceTree = "<group>"; };
		81E0C71A2AA0AE4700299DF3 /* MapVM.swift */ = {isa = PBXFileReference; lastKnownFileType = sourcecode.swift; path = MapVM.swift; sourceTree = "<group>"; };
		81E0C71C2AA0AE5C00299DF3 /* MapVC.swift */ = {isa = PBXFileReference; lastKnownFileType = sourcecode.swift; path = MapVC.swift; sourceTree = "<group>"; };
		81E0C71E2AA0AEA700299DF3 /* MapCVC.swift */ = {isa = PBXFileReference; lastKnownFileType = sourcecode.swift; path = MapCVC.swift; sourceTree = "<group>"; };
		81E0C7202AA0AF2500299DF3 /* AddVisitVC.swift */ = {isa = PBXFileReference; lastKnownFileType = sourcecode.swift; path = AddVisitVC.swift; sourceTree = "<group>"; };
		81E0C7222AA0AF7C00299DF3 /* AddVisitPhotoCVC.swift */ = {isa = PBXFileReference; lastKnownFileType = sourcecode.swift; path = AddVisitPhotoCVC.swift; sourceTree = "<group>"; };
		81E0C7242AA0B00F00299DF3 /* CustomDetailsSliderCVC.swift */ = {isa = PBXFileReference; lastKnownFileType = sourcecode.swift; path = CustomDetailsSliderCVC.swift; sourceTree = "<group>"; };
		81E0C7262AA0B03100299DF3 /* VisitCVC.swift */ = {isa = PBXFileReference; lastKnownFileType = sourcecode.swift; path = VisitCVC.swift; sourceTree = "<group>"; };
		81E0C7282AA0B06800299DF3 /* VisitsVC.swift */ = {isa = PBXFileReference; lastKnownFileType = sourcecode.swift; path = VisitsVC.swift; sourceTree = "<group>"; };
		81E0C72B2AA0B0CC00299DF3 /* MainTabBarC.swift */ = {isa = PBXFileReference; lastKnownFileType = sourcecode.swift; path = MainTabBarC.swift; sourceTree = "<group>"; };
		81E0C72D2AA0B10E00299DF3 /* ResponseModel.swift */ = {isa = PBXFileReference; lastKnownFileType = sourcecode.swift; path = ResponseModel.swift; sourceTree = "<group>"; };
		81E0C72F2AA0B12B00299DF3 /* MeModel.swift */ = {isa = PBXFileReference; lastKnownFileType = sourcecode.swift; path = MeModel.swift; sourceTree = "<group>"; };
		81E0C7312AA0B12C00299DF3 /* UploadResponse.swift */ = {isa = PBXFileReference; lastKnownFileType = sourcecode.swift; path = UploadResponse.swift; sourceTree = "<group>"; };
		81E0C7332AA0B12D00299DF3 /* PlaceModel.swift */ = {isa = PBXFileReference; lastKnownFileType = sourcecode.swift; path = PlaceModel.swift; sourceTree = "<group>"; };
		81E0C7352AA0B12E00299DF3 /* VisitModel.swift */ = {isa = PBXFileReference; lastKnownFileType = sourcecode.swift; path = VisitModel.swift; sourceTree = "<group>"; };
		81E0C7372AA0B13600299DF3 /* GalleryModel.swift */ = {isa = PBXFileReference; lastKnownFileType = sourcecode.swift; path = GalleryModel.swift; sourceTree = "<group>"; };
		81E0C7392AA0B13700299DF3 /* UserModel.swift */ = {isa = PBXFileReference; lastKnownFileType = sourcecode.swift; path = UserModel.swift; sourceTree = "<group>"; };
		81E0C73B2AA0B13700299DF3 /* TokenModel.swift */ = {isa = PBXFileReference; lastKnownFileType = sourcecode.swift; path = TokenModel.swift; sourceTree = "<group>"; };
		81E0C73D2AA0B3E700299DF3 /* AddVisitVM.swift */ = {isa = PBXFileReference; lastKnownFileType = sourcecode.swift; path = AddVisitVM.swift; sourceTree = "<group>"; };
		81E0C73F2AA0B45A00299DF3 /* CustomDetailsVM.swift */ = {isa = PBXFileReference; lastKnownFileType = sourcecode.swift; path = CustomDetailsVM.swift; sourceTree = "<group>"; };
		C09C220A2AA119350084B54F /* SettingsVM.swift */ = {isa = PBXFileReference; lastKnownFileType = sourcecode.swift; path = SettingsVM.swift; sourceTree = "<group>"; };
		C09C220C2AA119930084B54F /* SettingsModel.swift */ = {isa = PBXFileReference; lastKnownFileType = sourcecode.swift; path = SettingsModel.swift; sourceTree = "<group>"; };
		C09C220E2AA119CE0084B54F /* SettingsCVC.swift */ = {isa = PBXFileReference; lastKnownFileType = sourcecode.swift; path = SettingsCVC.swift; sourceTree = "<group>"; };
		C0A2E73D2AAF7C4100D3F879 /* PermissionHelper.swift */ = {isa = PBXFileReference; lastKnownFileType = sourcecode.swift; path = PermissionHelper.swift; sourceTree = "<group>"; };
		C0A544572AA7153000CB24D7 /* SecuritySettingsVM.swift */ = {isa = PBXFileReference; lastKnownFileType = sourcecode.swift; path = SecuritySettingsVM.swift; sourceTree = "<group>"; };
		C0B540202AAA503F008EE38A /* HelpSupportVC.swift */ = {isa = PBXFileReference; lastKnownFileType = sourcecode.swift; path = HelpSupportVC.swift; sourceTree = "<group>"; };
		C0B540222AAA5AB9008EE38A /* HelpSupportTVC.swift */ = {isa = PBXFileReference; lastKnownFileType = sourcecode.swift; path = HelpSupportTVC.swift; sourceTree = "<group>"; };
		C0BE1F932AA1C8BA006B560B /* SecuritySettingsVC.swift */ = {isa = PBXFileReference; lastKnownFileType = sourcecode.swift; path = SecuritySettingsVC.swift; sourceTree = "<group>"; };
		C0BE1F952AA1C8FF006B560B /* CustomPrivacyView.swift */ = {isa = PBXFileReference; lastKnownFileType = sourcecode.swift; path = CustomPrivacyView.swift; sourceTree = "<group>"; };
		C0BE1F972AA1C92F006B560B /* CustomEditView.swift */ = {isa = PBXFileReference; lastKnownFileType = sourcecode.swift; path = CustomEditView.swift; sourceTree = "<group>"; };
		C0BF37332AA27710007C3595 /* PrivacyTVC.swift */ = {isa = PBXFileReference; lastKnownFileType = sourcecode.swift; path = PrivacyTVC.swift; sourceTree = "<group>"; };
		C0BF37352AA277CB007C3595 /* PasswordTVC.swift */ = {isa = PBXFileReference; lastKnownFileType = sourcecode.swift; path = PasswordTVC.swift; sourceTree = "<group>"; };
		C0C927C52AA0D12B0077B7BA /* SettingsVC.swift */ = {isa = PBXFileReference; lastKnownFileType = sourcecode.swift; path = SettingsVC.swift; sourceTree = "<group>"; };
		C0D1E1AA2AA65DD100E632E0 /* EditProfileVM.swift */ = {isa = PBXFileReference; lastKnownFileType = sourcecode.swift; path = EditProfileVM.swift; sourceTree = "<group>"; };
		C0D1E1AC2AA65E9500E632E0 /* EditProfileVC.swift */ = {isa = PBXFileReference; lastKnownFileType = sourcecode.swift; path = EditProfileVC.swift; sourceTree = "<group>"; };
/* End PBXFileReference section */

/* Begin PBXFrameworksBuildPhase section */
		81E0C6BD2AA0A62D00299DF3 /* Frameworks */ = {
			isa = PBXFrameworksBuildPhase;
			buildActionMask = 2147483647;
			files = (
				8135D7A52AA9BC6D002600A3 /* IQKeyboardManagerSwift in Frameworks */,
				81E0C7012AA0AA1900299DF3 /* SwiftyJSON in Frameworks */,
				81E0C6F82AA0A8A700299DF3 /* KeychainSwift in Frameworks */,
				81E0C6F22AA0A88700299DF3 /* Alamofire in Frameworks */,
				81E0C6F52AA0A89B00299DF3 /* SnapKit in Frameworks */,
				81E0C6FE2AA0AA0500299DF3 /* Kingfisher in Frameworks */,
			);
			runOnlyForDeploymentPostprocessing = 0;
		};
/* End PBXFrameworksBuildPhase section */

/* Begin PBXGroup section */
		81E0C6B72AA0A62D00299DF3 = {
			isa = PBXGroup;
			children = (
				81E0C6C22AA0A62D00299DF3 /* Travio */,
				81E0C6C12AA0A62D00299DF3 /* Products */,
			);
			sourceTree = "<group>";
		};
		81E0C6C12AA0A62D00299DF3 /* Products */ = {
			isa = PBXGroup;
			children = (
				81E0C6C02AA0A62D00299DF3 /* Travio.app */,
			);
			name = Products;
			sourceTree = "<group>";
		};
		81E0C6C22AA0A62D00299DF3 /* Travio */ = {
			isa = PBXGroup;
			children = (
				81E0C6C32AA0A62D00299DF3 /* AppDelegate.swift */,
				81E0C6C52AA0A62D00299DF3 /* SceneDelegate.swift */,
				81E0C7422AA0CC3100299DF3 /* Views */,
				81E0C7412AA0CA2900299DF3 /* Model */,
				81E0C6D72AA0A65E00299DF3 /* Router */,
				81E0C6DE2AA0A70400299DF3 /* Helper */,
				81E0C6DF2AA0A72200299DF3 /* CustomElements */,
				81E0C6EB2AA0A7B700299DF3 /* Manager */,
				81E0C7022AA0AA4F00299DF3 /* Networking */,
				81E0C6DD2AA0A6E600299DF3 /* Resources */,
			);
			path = Travio;
			sourceTree = "<group>";
		};
		81E0C6D72AA0A65E00299DF3 /* Router */ = {
			isa = PBXGroup;
			children = (
				81E0C6EE2AA0A83400299DF3 /* Router.swift */,
			);
			path = Router;
			sourceTree = "<group>";
		};
		81E0C6D82AA0A67900299DF3 /* Home */ = {
			isa = PBXGroup;
			children = (
				81E0C6C72AA0A62D00299DF3 /* HomeVC.swift */,
				811FA10C2AA4CB1600FC378E /* HomeVM.swift */,
				811FA10E2AA4CC1600FC378E /* HomeTVC.swift */,
				811FA1102AA50A4600FC378E /* HomeCVC.swift */,
				811FA1142AA51BDC00FC378E /* HomeDetailVC.swift */,
				819B95C42AA611E40068D733 /* HomeDetailVM.swift */,
				811FA1162AA51D5200FC378E /* HomeDetailCVC.swift */,
			);
			path = Home;
			sourceTree = "<group>";
		};
		81E0C6D92AA0A67D00299DF3 /* Authentication */ = {
			isa = PBXGroup;
			children = (
				81E0C70E2AA0ACE000299DF3 /* Signup */,
				81E0C70B2AA0ACBF00299DF3 /* Login */,
			);
			path = Authentication;
			sourceTree = "<group>";
		};
		81E0C6DA2AA0A69000299DF3 /* Visits */ = {
			isa = PBXGroup;
			children = (
				81E0C7282AA0B06800299DF3 /* VisitsVC.swift */,
				81E0C7152AA0ADE600299DF3 /* VisitsVM.swift */,
				81E0C7262AA0B03100299DF3 /* VisitCVC.swift */,
			);
			path = Visits;
			sourceTree = "<group>";
		};
		81E0C6DB2AA0A69700299DF3 /* Map */ = {
			isa = PBXGroup;
			children = (
				81E0C71C2AA0AE5C00299DF3 /* MapVC.swift */,
				81E0C71A2AA0AE4700299DF3 /* MapVM.swift */,
				81E0C71E2AA0AEA700299DF3 /* MapCVC.swift */,
				81E0C7202AA0AF2500299DF3 /* AddVisitVC.swift */,
				81E0C73D2AA0B3E700299DF3 /* AddVisitVM.swift */,
				81E0C7222AA0AF7C00299DF3 /* AddVisitPhotoCVC.swift */,
			);
			path = Map;
			sourceTree = "<group>";
		};
		81E0C6DC2AA0A6AE00299DF3 /* Shared */ = {
			isa = PBXGroup;
			children = (
				81E0C7172AA0AE2B00299DF3 /* CustomDetailsVC.swift */,
				81E0C73F2AA0B45A00299DF3 /* CustomDetailsVM.swift */,
				81E0C7242AA0B00F00299DF3 /* CustomDetailsSliderCVC.swift */,
			);
			path = Shared;
			sourceTree = "<group>";
		};
		81E0C6DD2AA0A6E600299DF3 /* Resources */ = {
			isa = PBXGroup;
			children = (
				81E0C6E02AA0A75900299DF3 /* Font */,
				81E0C6CC2AA0A62E00299DF3 /* Assets.xcassets */,
				81E0C6CE2AA0A62E00299DF3 /* LaunchScreen.storyboard */,
				81E0C6D12AA0A62E00299DF3 /* Info.plist */,
			);
			path = Resources;
			sourceTree = "<group>";
		};
		81E0C6DE2AA0A70400299DF3 /* Helper */ = {
			isa = PBXGroup;
			children = (
				81E0C7092AA0AC7C00299DF3 /* Helpers.swift */,
			);
			path = Helper;
			sourceTree = "<group>";
		};
		81E0C6DF2AA0A72200299DF3 /* CustomElements */ = {
			isa = PBXGroup;
			children = (
				81E0C7072AA0AC0E00299DF3 /* CustomTextFieldView.swift */,
				81E0C7052AA0AC0800299DF3 /* CustomTextViewView.swift */,
				C0BE1F952AA1C8FF006B560B /* CustomPrivacyView.swift */,
				C0BE1F972AA1C92F006B560B /* CustomEditView.swift */,
				8157774E2AA8B5DE0056EDAA /* CustomButton.swift */,
			);
			path = CustomElements;
			sourceTree = "<group>";
		};
		81E0C6E02AA0A75900299DF3 /* Font */ = {
			isa = PBXGroup;
			children = (
				81E0C6E12AA0A75900299DF3 /* Poppins-Light.ttf */,
				81E0C6E22AA0A75900299DF3 /* Poppins-Medium.ttf */,
				81E0C6E32AA0A75900299DF3 /* Poppins-Regular.ttf */,
				81E0C6E42AA0A75900299DF3 /* Poppins-Bold.ttf */,
				81E0C6E52AA0A75900299DF3 /* Poppins-SemiBold.ttf */,
			);
			path = Font;
			sourceTree = "<group>";
		};
		81E0C6EB2AA0A7B700299DF3 /* Manager */ = {
			isa = PBXGroup;
			children = (
				81E0C6EC2AA0A7FA00299DF3 /* Extensions.swift */,
			);
			path = Manager;
			sourceTree = "<group>";
		};
		81E0C7022AA0AA4F00299DF3 /* Networking */ = {
			isa = PBXGroup;
			children = (
				81E0C7032AA0AA6E00299DF3 /* NetworkHelper.swift */,
			);
			path = Networking;
			sourceTree = "<group>";
		};
		81E0C70B2AA0ACBF00299DF3 /* Login */ = {
			isa = PBXGroup;
			children = (
				81E0C70C2AA0ACD400299DF3 /* LoginVC.swift */,
				81E0C7132AA0ADAC00299DF3 /* LoginVM.swift */,
			);
			path = Login;
			sourceTree = "<group>";
		};
		81E0C70E2AA0ACE000299DF3 /* Signup */ = {
			isa = PBXGroup;
			children = (
				81E0C70F2AA0AD0600299DF3 /* SignUpVC.swift */,
				81E0C7112AA0AD5300299DF3 /* SignUpVM.swift */,
			);
			path = Signup;
			sourceTree = "<group>";
		};
		81E0C72A2AA0B0A000299DF3 /* TabBar */ = {
			isa = PBXGroup;
			children = (
				81E0C72B2AA0B0CC00299DF3 /* MainTabBarC.swift */,
				C0C927C42AA0D0AC0077B7BA /* Settings */,
				81E0C6DA2AA0A69000299DF3 /* Visits */,
				81E0C6DB2AA0A69700299DF3 /* Map */,
				81E0C6D82AA0A67900299DF3 /* Home */,
			);
			path = TabBar;
			sourceTree = "<group>";
		};
		81E0C7412AA0CA2900299DF3 /* Model */ = {
			isa = PBXGroup;
			children = (
				81E0C7392AA0B13700299DF3 /* UserModel.swift */,
				81E0C72F2AA0B12B00299DF3 /* MeModel.swift */,
				81E0C72D2AA0B10E00299DF3 /* ResponseModel.swift */,
				81E0C73B2AA0B13700299DF3 /* TokenModel.swift */,
				81E0C7332AA0B12D00299DF3 /* PlaceModel.swift */,
				81E0C7372AA0B13600299DF3 /* GalleryModel.swift */,
				81E0C7352AA0B12E00299DF3 /* VisitModel.swift */,
				81E0C7312AA0B12C00299DF3 /* UploadResponse.swift */,
				C09C220C2AA119930084B54F /* SettingsModel.swift */,
			);
			path = Model;
			sourceTree = "<group>";
		};
		81E0C7422AA0CC3100299DF3 /* Views */ = {
			isa = PBXGroup;
			children = (
				81E0C6D92AA0A67D00299DF3 /* Authentication */,
				81E0C72A2AA0B0A000299DF3 /* TabBar */,
				81E0C6DC2AA0A6AE00299DF3 /* Shared */,
			);
			path = Views;
			sourceTree = "<group>";
		};
		C0B5401F2AAA501E008EE38A /* Help&Support */ = {
			isa = PBXGroup;
			children = (
				C0B540202AAA503F008EE38A /* HelpSupportVC.swift */,
				C0B540222AAA5AB9008EE38A /* HelpSupportTVC.swift */,
			);
			path = "Help&Support";
			sourceTree = "<group>";
		};
		C0BE1F922AA1C873006B560B /* Security Settings */ = {
			isa = PBXGroup;
			children = (
				C0BE1F932AA1C8BA006B560B /* SecuritySettingsVC.swift */,
				C0A544572AA7153000CB24D7 /* SecuritySettingsVM.swift */,
				C0BF37352AA277CB007C3595 /* PasswordTVC.swift */,
				C0BF37332AA27710007C3595 /* PrivacyTVC.swift */,
				C0A2E73D2AAF7C4100D3F879 /* PermissionHelper.swift */,
			);
			path = "Security Settings";
			sourceTree = "<group>";
		};
		C0C927C42AA0D0AC0077B7BA /* Settings */ = {
			isa = PBXGroup;
			children = (
				C0B5401F2AAA501E008EE38A /* Help&Support */,
				C0D1E1A72AA5D47800E632E0 /* Edit Profile */,
				C0BE1F922AA1C873006B560B /* Security Settings */,
				C0C927C52AA0D12B0077B7BA /* SettingsVC.swift */,
				C09C220A2AA119350084B54F /* SettingsVM.swift */,
				C09C220E2AA119CE0084B54F /* SettingsCVC.swift */,
			);
			path = Settings;
			sourceTree = "<group>";
		};
		C0D1E1A72AA5D47800E632E0 /* Edit Profile */ = {
			isa = PBXGroup;
			children = (
				C0D1E1AA2AA65DD100E632E0 /* EditProfileVM.swift */,
				C0D1E1AC2AA65E9500E632E0 /* EditProfileVC.swift */,
			);
			path = "Edit Profile";
			sourceTree = "<group>";
		};
/* End PBXGroup section */

/* Begin PBXNativeTarget section */
		81E0C6BF2AA0A62D00299DF3 /* Travio */ = {
			isa = PBXNativeTarget;
			buildConfigurationList = 81E0C6D42AA0A62E00299DF3 /* Build configuration list for PBXNativeTarget "Travio" */;
			buildPhases = (
				81E0C6BC2AA0A62D00299DF3 /* Sources */,
				81E0C6BD2AA0A62D00299DF3 /* Frameworks */,
				81E0C6BE2AA0A62D00299DF3 /* Resources */,
			);
			buildRules = (
			);
			dependencies = (
			);
			name = Travio;
			packageProductDependencies = (
				81E0C6F12AA0A88700299DF3 /* Alamofire */,
				81E0C6F42AA0A89B00299DF3 /* SnapKit */,
				81E0C6F72AA0A8A700299DF3 /* KeychainSwift */,
				81E0C6FD2AA0AA0500299DF3 /* Kingfisher */,
				81E0C7002AA0AA1900299DF3 /* SwiftyJSON */,
				8135D7A42AA9BC6D002600A3 /* IQKeyboardManagerSwift */,
			);
			productName = Travio;
			productReference = 81E0C6C02AA0A62D00299DF3 /* Travio.app */;
			productType = "com.apple.product-type.application";
		};
/* End PBXNativeTarget section */

/* Begin PBXProject section */
		81E0C6B82AA0A62D00299DF3 /* Project object */ = {
			isa = PBXProject;
			attributes = {
				BuildIndependentTargetsInParallel = 1;
				LastSwiftUpdateCheck = 1430;
				LastUpgradeCheck = 1430;
				TargetAttributes = {
					81E0C6BF2AA0A62D00299DF3 = {
						CreatedOnToolsVersion = 14.3.1;
					};
				};
			};
			buildConfigurationList = 81E0C6BB2AA0A62D00299DF3 /* Build configuration list for PBXProject "Travio" */;
			compatibilityVersion = "Xcode 14.0";
			developmentRegion = en;
			hasScannedForEncodings = 0;
			knownRegions = (
				en,
				Base,
			);
			mainGroup = 81E0C6B72AA0A62D00299DF3;
			packageReferences = (
				81E0C6F02AA0A88700299DF3 /* XCRemoteSwiftPackageReference "Alamofire" */,
				81E0C6F32AA0A89B00299DF3 /* XCRemoteSwiftPackageReference "SnapKit" */,
				81E0C6F62AA0A8A700299DF3 /* XCRemoteSwiftPackageReference "keychain-swift" */,
				81E0C6FC2AA0AA0500299DF3 /* XCRemoteSwiftPackageReference "Kingfisher" */,
				81E0C6FF2AA0AA1900299DF3 /* XCRemoteSwiftPackageReference "SwiftyJSON" */,
				8135D7A32AA9BC6D002600A3 /* XCRemoteSwiftPackageReference "IQKeyboardManager" */,
			);
			productRefGroup = 81E0C6C12AA0A62D00299DF3 /* Products */;
			projectDirPath = "";
			projectRoot = "";
			targets = (
				81E0C6BF2AA0A62D00299DF3 /* Travio */,
			);
		};
/* End PBXProject section */

/* Begin PBXResourcesBuildPhase section */
		81E0C6BE2AA0A62D00299DF3 /* Resources */ = {
			isa = PBXResourcesBuildPhase;
			buildActionMask = 2147483647;
			files = (
				81E0C6D02AA0A62E00299DF3 /* LaunchScreen.storyboard in Resources */,
				81E0C6CD2AA0A62E00299DF3 /* Assets.xcassets in Resources */,
				81E0C6E92AA0A75900299DF3 /* Poppins-Bold.ttf in Resources */,
				81E0C6E82AA0A75900299DF3 /* Poppins-Regular.ttf in Resources */,
				81E0C6EA2AA0A75900299DF3 /* Poppins-SemiBold.ttf in Resources */,
				81E0C6E62AA0A75900299DF3 /* Poppins-Light.ttf in Resources */,
				81E0C6E72AA0A75900299DF3 /* Poppins-Medium.ttf in Resources */,
			);
			runOnlyForDeploymentPostprocessing = 0;
		};
/* End PBXResourcesBuildPhase section */

/* Begin PBXSourcesBuildPhase section */
		81E0C6BC2AA0A62D00299DF3 /* Sources */ = {
			isa = PBXSourcesBuildPhase;
			buildActionMask = 2147483647;
			files = (
				C0BF37362AA277CB007C3595 /* PasswordTVC.swift in Sources */,
				81E0C7062AA0AC0800299DF3 /* CustomTextViewView.swift in Sources */,
				8157774F2AA8B5DE0056EDAA /* CustomButton.swift in Sources */,
				81E0C7322AA0B12C00299DF3 /* UploadResponse.swift in Sources */,
				81E0C7182AA0AE2B00299DF3 /* CustomDetailsVC.swift in Sources */,
				811FA10D2AA4CB1600FC378E /* HomeVM.swift in Sources */,
				81E0C7142AA0ADAC00299DF3 /* LoginVM.swift in Sources */,
				81E0C73E2AA0B3E700299DF3 /* AddVisitVM.swift in Sources */,
				81E0C7232AA0AF7C00299DF3 /* AddVisitPhotoCVC.swift in Sources */,
				C0B540232AAA5AB9008EE38A /* HelpSupportTVC.swift in Sources */,
				81E0C71F2AA0AEA700299DF3 /* MapCVC.swift in Sources */,
				C0A544582AA7153000CB24D7 /* SecuritySettingsVM.swift in Sources */,
				81E0C7082AA0AC0E00299DF3 /* CustomTextFieldView.swift in Sources */,
				811FA1112AA50A4600FC378E /* HomeCVC.swift in Sources */,
				81E0C7382AA0B13600299DF3 /* GalleryModel.swift in Sources */,
				C09C220D2AA119930084B54F /* SettingsModel.swift in Sources */,
				811FA1152AA51BDC00FC378E /* HomeDetailVC.swift in Sources */,
				81E0C7342AA0B12D00299DF3 /* PlaceModel.swift in Sources */,
				C0A2E73E2AAF7C4100D3F879 /* PermissionHelper.swift in Sources */,
				C0BE1F942AA1C8BA006B560B /* SecuritySettingsVC.swift in Sources */,
				81E0C7292AA0B06800299DF3 /* VisitsVC.swift in Sources */,
				C0B540212AAA503F008EE38A /* HelpSupportVC.swift in Sources */,
				81E0C6C82AA0A62D00299DF3 /* HomeVC.swift in Sources */,
				C0D1E1AB2AA65DD100E632E0 /* EditProfileVM.swift in Sources */,
				811FA10F2AA4CC1600FC378E /* HomeTVC.swift in Sources */,
				81E0C72E2AA0B10E00299DF3 /* ResponseModel.swift in Sources */,
				81E0C72C2AA0B0CC00299DF3 /* MainTabBarC.swift in Sources */,
				C0D1E1AD2AA65E9500E632E0 /* EditProfileVC.swift in Sources */,
				81E0C7162AA0ADE600299DF3 /* VisitsVM.swift in Sources */,
				81E0C7102AA0AD0600299DF3 /* SignUpVC.swift in Sources */,
				C0BF37342AA27710007C3595 /* PrivacyTVC.swift in Sources */,
				81E0C7302AA0B12B00299DF3 /* MeModel.swift in Sources */,
				81E0C7212AA0AF2500299DF3 /* AddVisitVC.swift in Sources */,
				81E0C7272AA0B03100299DF3 /* VisitCVC.swift in Sources */,
				81E0C71B2AA0AE4700299DF3 /* MapVM.swift in Sources */,
				81E0C73C2AA0B13700299DF3 /* TokenModel.swift in Sources */,
				81E0C6C42AA0A62D00299DF3 /* AppDelegate.swift in Sources */,
				81E0C70D2AA0ACD400299DF3 /* LoginVC.swift in Sources */,
				81E0C71D2AA0AE5C00299DF3 /* MapVC.swift in Sources */,
				81E0C6EF2AA0A83400299DF3 /* Router.swift in Sources */,
				81E0C7402AA0B45A00299DF3 /* CustomDetailsVM.swift in Sources */,
				811FA1172AA51D5200FC378E /* HomeDetailCVC.swift in Sources */,
				81E0C6C62AA0A62D00299DF3 /* SceneDelegate.swift in Sources */,
				81E0C7362AA0B12E00299DF3 /* VisitModel.swift in Sources */,
				C0BE1F962AA1C8FF006B560B /* CustomPrivacyView.swift in Sources */,
				81E0C70A2AA0AC7C00299DF3 /* Helpers.swift in Sources */,
				819B95C52AA611E40068D733 /* HomeDetailVM.swift in Sources */,
				81E0C7042AA0AA6E00299DF3 /* NetworkHelper.swift in Sources */,
				C09C220F2AA119CE0084B54F /* SettingsCVC.swift in Sources */,
				81E0C7252AA0B00F00299DF3 /* CustomDetailsSliderCVC.swift in Sources */,
				81E0C7122AA0AD5300299DF3 /* SignUpVM.swift in Sources */,
				C0BE1F982AA1C92F006B560B /* CustomEditView.swift in Sources */,
				81E0C6ED2AA0A7FA00299DF3 /* Extensions.swift in Sources */,
				81E0C73A2AA0B13700299DF3 /* UserModel.swift in Sources */,
				C0C927C62AA0D12B0077B7BA /* SettingsVC.swift in Sources */,
				C09C220B2AA119350084B54F /* SettingsVM.swift in Sources */,
			);
			runOnlyForDeploymentPostprocessing = 0;
		};
/* End PBXSourcesBuildPhase section */

/* Begin PBXVariantGroup section */
		81E0C6CE2AA0A62E00299DF3 /* LaunchScreen.storyboard */ = {
			isa = PBXVariantGroup;
			children = (
				81E0C6CF2AA0A62E00299DF3 /* Base */,
			);
			name = LaunchScreen.storyboard;
			sourceTree = "<group>";
		};
/* End PBXVariantGroup section */

/* Begin XCBuildConfiguration section */
		81E0C6D22AA0A62E00299DF3 /* Debug */ = {
			isa = XCBuildConfiguration;
			buildSettings = {
				ALWAYS_SEARCH_USER_PATHS = NO;
				CLANG_ANALYZER_NONNULL = YES;
				CLANG_ANALYZER_NUMBER_OBJECT_CONVERSION = YES_AGGRESSIVE;
				CLANG_CXX_LANGUAGE_STANDARD = "gnu++20";
				CLANG_ENABLE_MODULES = YES;
				CLANG_ENABLE_OBJC_ARC = YES;
				CLANG_ENABLE_OBJC_WEAK = YES;
				CLANG_WARN_BLOCK_CAPTURE_AUTORELEASING = YES;
				CLANG_WARN_BOOL_CONVERSION = YES;
				CLANG_WARN_COMMA = YES;
				CLANG_WARN_CONSTANT_CONVERSION = YES;
				CLANG_WARN_DEPRECATED_OBJC_IMPLEMENTATIONS = YES;
				CLANG_WARN_DIRECT_OBJC_ISA_USAGE = YES_ERROR;
				CLANG_WARN_DOCUMENTATION_COMMENTS = YES;
				CLANG_WARN_EMPTY_BODY = YES;
				CLANG_WARN_ENUM_CONVERSION = YES;
				CLANG_WARN_INFINITE_RECURSION = YES;
				CLANG_WARN_INT_CONVERSION = YES;
				CLANG_WARN_NON_LITERAL_NULL_CONVERSION = YES;
				CLANG_WARN_OBJC_IMPLICIT_RETAIN_SELF = YES;
				CLANG_WARN_OBJC_LITERAL_CONVERSION = YES;
				CLANG_WARN_OBJC_ROOT_CLASS = YES_ERROR;
				CLANG_WARN_QUOTED_INCLUDE_IN_FRAMEWORK_HEADER = YES;
				CLANG_WARN_RANGE_LOOP_ANALYSIS = YES;
				CLANG_WARN_STRICT_PROTOTYPES = YES;
				CLANG_WARN_SUSPICIOUS_MOVE = YES;
				CLANG_WARN_UNGUARDED_AVAILABILITY = YES_AGGRESSIVE;
				CLANG_WARN_UNREACHABLE_CODE = YES;
				CLANG_WARN__DUPLICATE_METHOD_MATCH = YES;
				COPY_PHASE_STRIP = NO;
				DEBUG_INFORMATION_FORMAT = dwarf;
				ENABLE_STRICT_OBJC_MSGSEND = YES;
				ENABLE_TESTABILITY = YES;
				GCC_C_LANGUAGE_STANDARD = gnu11;
				GCC_DYNAMIC_NO_PIC = NO;
				GCC_NO_COMMON_BLOCKS = YES;
				GCC_OPTIMIZATION_LEVEL = 0;
				GCC_PREPROCESSOR_DEFINITIONS = (
					"DEBUG=1",
					"$(inherited)",
				);
				GCC_WARN_64_TO_32_BIT_CONVERSION = YES;
				GCC_WARN_ABOUT_RETURN_TYPE = YES_ERROR;
				GCC_WARN_UNDECLARED_SELECTOR = YES;
				GCC_WARN_UNINITIALIZED_AUTOS = YES_AGGRESSIVE;
				GCC_WARN_UNUSED_FUNCTION = YES;
				GCC_WARN_UNUSED_VARIABLE = YES;
				IPHONEOS_DEPLOYMENT_TARGET = 16.4;
				MTL_ENABLE_DEBUG_INFO = INCLUDE_SOURCE;
				MTL_FAST_MATH = YES;
				ONLY_ACTIVE_ARCH = YES;
				SDKROOT = iphoneos;
				SWIFT_ACTIVE_COMPILATION_CONDITIONS = DEBUG;
				SWIFT_OPTIMIZATION_LEVEL = "-Onone";
			};
			name = Debug;
		};
		81E0C6D32AA0A62E00299DF3 /* Release */ = {
			isa = XCBuildConfiguration;
			buildSettings = {
				ALWAYS_SEARCH_USER_PATHS = NO;
				CLANG_ANALYZER_NONNULL = YES;
				CLANG_ANALYZER_NUMBER_OBJECT_CONVERSION = YES_AGGRESSIVE;
				CLANG_CXX_LANGUAGE_STANDARD = "gnu++20";
				CLANG_ENABLE_MODULES = YES;
				CLANG_ENABLE_OBJC_ARC = YES;
				CLANG_ENABLE_OBJC_WEAK = YES;
				CLANG_WARN_BLOCK_CAPTURE_AUTORELEASING = YES;
				CLANG_WARN_BOOL_CONVERSION = YES;
				CLANG_WARN_COMMA = YES;
				CLANG_WARN_CONSTANT_CONVERSION = YES;
				CLANG_WARN_DEPRECATED_OBJC_IMPLEMENTATIONS = YES;
				CLANG_WARN_DIRECT_OBJC_ISA_USAGE = YES_ERROR;
				CLANG_WARN_DOCUMENTATION_COMMENTS = YES;
				CLANG_WARN_EMPTY_BODY = YES;
				CLANG_WARN_ENUM_CONVERSION = YES;
				CLANG_WARN_INFINITE_RECURSION = YES;
				CLANG_WARN_INT_CONVERSION = YES;
				CLANG_WARN_NON_LITERAL_NULL_CONVERSION = YES;
				CLANG_WARN_OBJC_IMPLICIT_RETAIN_SELF = YES;
				CLANG_WARN_OBJC_LITERAL_CONVERSION = YES;
				CLANG_WARN_OBJC_ROOT_CLASS = YES_ERROR;
				CLANG_WARN_QUOTED_INCLUDE_IN_FRAMEWORK_HEADER = YES;
				CLANG_WARN_RANGE_LOOP_ANALYSIS = YES;
				CLANG_WARN_STRICT_PROTOTYPES = YES;
				CLANG_WARN_SUSPICIOUS_MOVE = YES;
				CLANG_WARN_UNGUARDED_AVAILABILITY = YES_AGGRESSIVE;
				CLANG_WARN_UNREACHABLE_CODE = YES;
				CLANG_WARN__DUPLICATE_METHOD_MATCH = YES;
				COPY_PHASE_STRIP = NO;
				DEBUG_INFORMATION_FORMAT = "dwarf-with-dsym";
				ENABLE_NS_ASSERTIONS = NO;
				ENABLE_STRICT_OBJC_MSGSEND = YES;
				GCC_C_LANGUAGE_STANDARD = gnu11;
				GCC_NO_COMMON_BLOCKS = YES;
				GCC_WARN_64_TO_32_BIT_CONVERSION = YES;
				GCC_WARN_ABOUT_RETURN_TYPE = YES_ERROR;
				GCC_WARN_UNDECLARED_SELECTOR = YES;
				GCC_WARN_UNINITIALIZED_AUTOS = YES_AGGRESSIVE;
				GCC_WARN_UNUSED_FUNCTION = YES;
				GCC_WARN_UNUSED_VARIABLE = YES;
				IPHONEOS_DEPLOYMENT_TARGET = 16.4;
				MTL_ENABLE_DEBUG_INFO = NO;
				MTL_FAST_MATH = YES;
				SDKROOT = iphoneos;
				SWIFT_COMPILATION_MODE = wholemodule;
				SWIFT_OPTIMIZATION_LEVEL = "-O";
				VALIDATE_PRODUCT = YES;
			};
			name = Release;
		};
		81E0C6D52AA0A62E00299DF3 /* Debug */ = {
			isa = XCBuildConfiguration;
			buildSettings = {
				ASSETCATALOG_COMPILER_APPICON_NAME = AppIcon;
				ASSETCATALOG_COMPILER_GLOBAL_ACCENT_COLOR_NAME = AccentColor;
				CODE_SIGN_STYLE = Automatic;
				CURRENT_PROJECT_VERSION = 1;
				DEVELOPMENT_TEAM = TN7YZNW93M;
				GENERATE_INFOPLIST_FILE = YES;
				INFOPLIST_FILE = Travio/Resources/Info.plist;
				INFOPLIST_KEY_NSCameraUsageDescription = "Uygulama içinde fotoğraf çekmek için kamerayı kullanmamız gerekiyor.";
				INFOPLIST_KEY_NSLocationWhenInUseUsageDescription = "Uygulama, size yakın hizmetleri bulabilmeniz için konumunuzu kullanmak istiyor. ";
				INFOPLIST_KEY_NSPhotoLibraryUsageDescription = "Uygulama içinde fotoğraf ve videoları seçebilmeniz için fotoğraf kütüphanesine erişim gerekiyor.";
				INFOPLIST_KEY_UIApplicationSupportsIndirectInputEvents = YES;
				INFOPLIST_KEY_UILaunchStoryboardName = LaunchScreen;
				INFOPLIST_KEY_UISupportedInterfaceOrientations_iPad = "UIInterfaceOrientationPortrait UIInterfaceOrientationPortraitUpsideDown UIInterfaceOrientationLandscapeLeft UIInterfaceOrientationLandscapeRight";
				INFOPLIST_KEY_UISupportedInterfaceOrientations_iPhone = "UIInterfaceOrientationPortrait UIInterfaceOrientationLandscapeLeft UIInterfaceOrientationLandscapeRight";
				IPHONEOS_DEPLOYMENT_TARGET = 16.2;
				LD_RUNPATH_SEARCH_PATHS = (
					"$(inherited)",
					"@executable_path/Frameworks",
				);
				MARKETING_VERSION = 1.0;
				PRODUCT_BUNDLE_IDENTIFIER = ferdidemirci.Travio;
				PRODUCT_NAME = "$(TARGET_NAME)";
				SWIFT_EMIT_LOC_STRINGS = YES;
				SWIFT_VERSION = 5.0;
				TARGETED_DEVICE_FAMILY = "1,2";
			};
			name = Debug;
		};
		81E0C6D62AA0A62E00299DF3 /* Release */ = {
			isa = XCBuildConfiguration;
			buildSettings = {
				ASSETCATALOG_COMPILER_APPICON_NAME = AppIcon;
				ASSETCATALOG_COMPILER_GLOBAL_ACCENT_COLOR_NAME = AccentColor;
				CODE_SIGN_STYLE = Automatic;
				CURRENT_PROJECT_VERSION = 1;
				DEVELOPMENT_TEAM = TN7YZNW93M;
				GENERATE_INFOPLIST_FILE = YES;
				INFOPLIST_FILE = Travio/Resources/Info.plist;
				INFOPLIST_KEY_NSCameraUsageDescription = "Uygulama içinde fotoğraf çekmek için kamerayı kullanmamız gerekiyor.";
				INFOPLIST_KEY_NSLocationWhenInUseUsageDescription = "Uygulama, size yakın hizmetleri bulabilmeniz için konumunuzu kullanmak istiyor. ";
				INFOPLIST_KEY_NSPhotoLibraryUsageDescription = "Uygulama içinde fotoğraf ve videoları seçebilmeniz için fotoğraf kütüphanesine erişim gerekiyor.";
				INFOPLIST_KEY_UIApplicationSupportsIndirectInputEvents = YES;
				INFOPLIST_KEY_UILaunchStoryboardName = LaunchScreen;
				INFOPLIST_KEY_UISupportedInterfaceOrientations_iPad = "UIInterfaceOrientationPortrait UIInterfaceOrientationPortraitUpsideDown UIInterfaceOrientationLandscapeLeft UIInterfaceOrientationLandscapeRight";
				INFOPLIST_KEY_UISupportedInterfaceOrientations_iPhone = "UIInterfaceOrientationPortrait UIInterfaceOrientationLandscapeLeft UIInterfaceOrientationLandscapeRight";
				IPHONEOS_DEPLOYMENT_TARGET = 16.2;
				LD_RUNPATH_SEARCH_PATHS = (
					"$(inherited)",
					"@executable_path/Frameworks",
				);
				MARKETING_VERSION = 1.0;
				PRODUCT_BUNDLE_IDENTIFIER = ferdidemirci.Travio;
				PRODUCT_NAME = "$(TARGET_NAME)";
				SWIFT_EMIT_LOC_STRINGS = YES;
				SWIFT_VERSION = 5.0;
				TARGETED_DEVICE_FAMILY = "1,2";
			};
			name = Release;
		};
/* End XCBuildConfiguration section */

/* Begin XCConfigurationList section */
		81E0C6BB2AA0A62D00299DF3 /* Build configuration list for PBXProject "Travio" */ = {
			isa = XCConfigurationList;
			buildConfigurations = (
				81E0C6D22AA0A62E00299DF3 /* Debug */,
				81E0C6D32AA0A62E00299DF3 /* Release */,
			);
			defaultConfigurationIsVisible = 0;
			defaultConfigurationName = Release;
		};
		81E0C6D42AA0A62E00299DF3 /* Build configuration list for PBXNativeTarget "Travio" */ = {
			isa = XCConfigurationList;
			buildConfigurations = (
				81E0C6D52AA0A62E00299DF3 /* Debug */,
				81E0C6D62AA0A62E00299DF3 /* Release */,
			);
			defaultConfigurationIsVisible = 0;
			defaultConfigurationName = Release;
		};
/* End XCConfigurationList section */

/* Begin XCRemoteSwiftPackageReference section */
		8135D7A32AA9BC6D002600A3 /* XCRemoteSwiftPackageReference "IQKeyboardManager" */ = {
			isa = XCRemoteSwiftPackageReference;
			repositoryURL = "https://github.com/hackiftekhar/IQKeyboardManager.git";
			requirement = {
				kind = upToNextMajorVersion;
				minimumVersion = 6.0.0;
			};
		};
		81E0C6F02AA0A88700299DF3 /* XCRemoteSwiftPackageReference "Alamofire" */ = {
			isa = XCRemoteSwiftPackageReference;
			repositoryURL = "https://github.com/Alamofire/Alamofire.git";
			requirement = {
				kind = upToNextMajorVersion;
				minimumVersion = 5.0.0;
			};
		};
		81E0C6F32AA0A89B00299DF3 /* XCRemoteSwiftPackageReference "SnapKit" */ = {
			isa = XCRemoteSwiftPackageReference;
			repositoryURL = "https://github.com/SnapKit/SnapKit.git";
			requirement = {
				kind = upToNextMajorVersion;
				minimumVersion = 5.0.0;
			};
		};
		81E0C6F62AA0A8A700299DF3 /* XCRemoteSwiftPackageReference "keychain-swift" */ = {
			isa = XCRemoteSwiftPackageReference;
			repositoryURL = "https://github.com/evgenyneu/keychain-swift.git";
			requirement = {
				kind = upToNextMajorVersion;
				minimumVersion = 20.0.0;
			};
		};
		81E0C6FC2AA0AA0500299DF3 /* XCRemoteSwiftPackageReference "Kingfisher" */ = {
			isa = XCRemoteSwiftPackageReference;
			repositoryURL = "https://github.com/onevcat/Kingfisher.git";
			requirement = {
				kind = upToNextMajorVersion;
				minimumVersion = 7.0.0;
			};
		};
		81E0C6FF2AA0AA1900299DF3 /* XCRemoteSwiftPackageReference "SwiftyJSON" */ = {
			isa = XCRemoteSwiftPackageReference;
			repositoryURL = "https://github.com/SwiftyJSON/SwiftyJSON.git";
			requirement = {
				kind = upToNextMajorVersion;
				minimumVersion = 5.0.0;
			};
		};
/* End XCRemoteSwiftPackageReference section */

/* Begin XCSwiftPackageProductDependency section */
		8135D7A42AA9BC6D002600A3 /* IQKeyboardManagerSwift */ = {
			isa = XCSwiftPackageProductDependency;
			package = 8135D7A32AA9BC6D002600A3 /* XCRemoteSwiftPackageReference "IQKeyboardManager" */;
			productName = IQKeyboardManagerSwift;
		};
		81E0C6F12AA0A88700299DF3 /* Alamofire */ = {
			isa = XCSwiftPackageProductDependency;
			package = 81E0C6F02AA0A88700299DF3 /* XCRemoteSwiftPackageReference "Alamofire" */;
			productName = Alamofire;
		};
		81E0C6F42AA0A89B00299DF3 /* SnapKit */ = {
			isa = XCSwiftPackageProductDependency;
			package = 81E0C6F32AA0A89B00299DF3 /* XCRemoteSwiftPackageReference "SnapKit" */;
			productName = SnapKit;
		};
		81E0C6F72AA0A8A700299DF3 /* KeychainSwift */ = {
			isa = XCSwiftPackageProductDependency;
			package = 81E0C6F62AA0A8A700299DF3 /* XCRemoteSwiftPackageReference "keychain-swift" */;
			productName = KeychainSwift;
		};
		81E0C6FD2AA0AA0500299DF3 /* Kingfisher */ = {
			isa = XCSwiftPackageProductDependency;
			package = 81E0C6FC2AA0AA0500299DF3 /* XCRemoteSwiftPackageReference "Kingfisher" */;
			productName = Kingfisher;
		};
		81E0C7002AA0AA1900299DF3 /* SwiftyJSON */ = {
			isa = XCSwiftPackageProductDependency;
			package = 81E0C6FF2AA0AA1900299DF3 /* XCRemoteSwiftPackageReference "SwiftyJSON" */;
			productName = SwiftyJSON;
		};
/* End XCSwiftPackageProductDependency section */
	};
	rootObject = 81E0C6B82AA0A62D00299DF3 /* Project object */;
}
